<?xml version="1.0" encoding="utf-8"?>
<Project ToolsVersion="4.0" xmlns="http://schemas.microsoft.com/developer/msbuild/2003">
  <ItemGroup>
    <Filter Include="Source">
      <UniqueIdentifier>{23bae97f-414d-4b86-bbc5-f2e9af2fb9f1}</UniqueIdentifier>
    </Filter>
    <Filter Include="Source\Application">
      <UniqueIdentifier>{c2435964-2557-4682-a53b-67fffee1e2c6}</UniqueIdentifier>
    </Filter>
    <Filter Include="Source\Template">
      <UniqueIdentifier>{e99c0cfc-8959-4b31-8c93-c95753deaa30}</UniqueIdentifier>
    </Filter>
    <Filter Include="Source\Direct3D">
      <UniqueIdentifier>{847435bb-efd9-4654-b152-cd922d1e0b20}</UniqueIdentifier>
    </Filter>
    <Filter Include="Source\Game">
      <UniqueIdentifier>{0a908619-b29f-4208-848a-1a990ea8d773}</UniqueIdentifier>
    </Filter>
    <Filter Include="Source\DirectSound">
      <UniqueIdentifier>{dba80fc4-6ee7-4b64-8edd-316b8186557b}</UniqueIdentifier>
    </Filter>
    <Filter Include="Source\Other">
      <UniqueIdentifier>{d687c331-d0ff-4332-acfe-cd30d9530069}</UniqueIdentifier>
    </Filter>
    <Filter Include="Source\Input">
      <UniqueIdentifier>{10e3ad76-e277-47e0-94ce-45641d3ea5d3}</UniqueIdentifier>
    </Filter>
    <Filter Include="Source\Entity">
      <UniqueIdentifier>{ff1519a6-589d-4518-bda1-c0f53e016938}</UniqueIdentifier>
    </Filter>
    <Filter Include="Source\BoundingBox">
      <UniqueIdentifier>{fe851f10-5482-4da2-9ec0-bf3661176185}</UniqueIdentifier>
    </Filter>
    <Filter Include="Source\Scene">
      <UniqueIdentifier>{b9fe831a-11c8-4794-b604-079c6efafcdd}</UniqueIdentifier>
    </Filter>
    <Filter Include="Source\Scene\Manager">
      <UniqueIdentifier>{5e1168f2-d6a9-42ea-9211-45b0ae704eaf}</UniqueIdentifier>
    </Filter>
    <Filter Include="Source\Scene\Scene">
      <UniqueIdentifier>{342c1947-f3ca-48f4-a679-45acb9bb1a9d}</UniqueIdentifier>
    </Filter>
    <Filter Include="Source\FBX">
      <UniqueIdentifier>{7847d37d-c922-406f-bc9e-049fe75eb3fe}</UniqueIdentifier>
    </Filter>
    <Filter Include="Source\Model3D">
      <UniqueIdentifier>{eac21510-094a-4fd5-8e63-948a0353789f}</UniqueIdentifier>
    </Filter>
    <Filter Include="Source\Direct3D\Effect">
      <UniqueIdentifier>{1c826413-acc8-49d0-8f47-15647b8edc8e}</UniqueIdentifier>
    </Filter>
  </ItemGroup>
  <ItemGroup>
    <ClCompile Include="Source\Application\Application.cpp">
      <Filter>Source\Application</Filter>
    </ClCompile>
    <ClCompile Include="Source\winmain.cpp">
      <Filter>Source</Filter>
    </ClCompile>
    <ClCompile Include="Source\Template\Singleton.cpp">
      <Filter>Source\Template</Filter>
    </ClCompile>
    <ClCompile Include="Source\Direct3D\Direct3D.cpp">
      <Filter>Source\Direct3D</Filter>
    </ClCompile>
    <ClCompile Include="Source\Direct3D\sprite.cpp">
      <Filter>Source\Direct3D</Filter>
    </ClCompile>
    <ClCompile Include="Source\Direct3D\texture.cpp">
      <Filter>Source\Direct3D</Filter>
    </ClCompile>
    <ClCompile Include="Source\Game\GameState.cpp">
      <Filter>Source\Game</Filter>
    </ClCompile>
    <ClCompile Include="Source\DirectSound\DirectSound.cpp">
      <Filter>Source\DirectSound</Filter>
    </ClCompile>
    <ClCompile Include="Source\DirectSound\WaveFile.cpp">
      <Filter>Source\DirectSound</Filter>
    </ClCompile>
    <ClCompile Include="Source\DirectSound\SoundBuffer.cpp">
      <Filter>Source\DirectSound</Filter>
    </ClCompile>
    <ClCompile Include="Source\Input\directInput.cpp">
      <Filter>Source\Input</Filter>
    </ClCompile>
    <ClCompile Include="Source\Input\XInput.cpp">
      <Filter>Source\Input</Filter>
    </ClCompile>
    <ClCompile Include="Source\Direct3D\camera.cpp">
      <Filter>Source\Direct3D</Filter>
    </ClCompile>
    <ClCompile Include="Source\Entity\GameObject3D.cpp">
      <Filter>Source\Entity</Filter>
    </ClCompile>
    <ClCompile Include="Source\BoundingBox\OrientedBoundinngBox.cpp">
      <Filter>Source\BoundingBox</Filter>
    </ClCompile>
    <ClCompile Include="Source\Scene\Manager\SceneManagetr.cpp">
      <Filter>Source\Scene\Manager</Filter>
    </ClCompile>
    <ClCompile Include="Source\Scene\Scene\MainScene.cpp">
      <Filter>Source\Scene\Scene</Filter>
    </ClCompile>
    <ClCompile Include="Source\FBX\FbxMeshLoader.cpp">
      <Filter>Source\FBX</Filter>
    </ClCompile>
    <ClCompile Include="Source\FBX\fbxUtil.cpp">
      <Filter>Source\FBX</Filter>
    </ClCompile>
    <ClCompile Include="Source\Model3D\Mesh.cpp">
      <Filter>Source\Model3D</Filter>
    </ClCompile>
    <ClCompile Include="Source\Model3D\Model.cpp">
      <Filter>Source\Model3D</Filter>
    </ClCompile>
    <ClCompile Include="Source\Model3D\TriangleList.cpp">
      <Filter>Source\Model3D</Filter>
    </ClCompile>
    <ClCompile Include="Source\Direct3D\meshX.cpp">
      <Filter>Source\Direct3D</Filter>
    </ClCompile>
    <ClCompile Include="Source\Direct3D\Effect\Effect.cpp">
      <Filter>Source\Direct3D\Effect</Filter>
    </ClCompile>
    <ClCompile Include="Source\Direct3D\Effect\EffectParamSetter.cpp">
      <Filter>Source\Direct3D\Effect</Filter>
    </ClCompile>
    <ClCompile Include="Source\Direct3D\Effect\EffectLambert.cpp">
      <Filter>Source\Direct3D\Effect</Filter>
    </ClCompile>
  </ItemGroup>
  <ItemGroup>
    <ClInclude Include="Source\Application\Application.h">
      <Filter>Source\Application</Filter>
    </ClInclude>
    <ClInclude Include="Source\Template\Singleton.h">
      <Filter>Source\Template</Filter>
    </ClInclude>
    <ClInclude Include="Source\Direct3D\Direct3D.h">
      <Filter>Source\Direct3D</Filter>
    </ClInclude>
    <ClInclude Include="Source\Direct3D\sprite.h">
      <Filter>Source\Direct3D</Filter>
    </ClInclude>
    <ClInclude Include="Source\Direct3D\texture.h">
      <Filter>Source\Direct3D</Filter>
    </ClInclude>
    <ClInclude Include="Source\Game\GameState.h">
      <Filter>Source\Game</Filter>
    </ClInclude>
    <ClInclude Include="Source\DirectSound\DirectSound.h">
      <Filter>Source\DirectSound</Filter>
    </ClInclude>
    <ClInclude Include="Source\DirectSound\WaveFile.h">
      <Filter>Source\DirectSound</Filter>
    </ClInclude>
    <ClInclude Include="Source\DirectSound\SoundBuffer.h">
      <Filter>Source\DirectSound</Filter>
    </ClInclude>
    <ClInclude Include="Source\Other\MyVector.h">
      <Filter>Source\Other</Filter>
    </ClInclude>
    <ClInclude Include="Source\Input\directInput.h">
      <Filter>Source\Input</Filter>
    </ClInclude>
    <ClInclude Include="Source\Input\XInput.h">
      <Filter>Source\Input</Filter>
    </ClInclude>
    <ClInclude Include="Source\Direct3D\camera.h">
      <Filter>Source\Direct3D</Filter>
    </ClInclude>
    <ClInclude Include="Source\Entity\GameObject3D.h">
      <Filter>Source\Entity</Filter>
    </ClInclude>
    <ClInclude Include="Source\Entity\GameObject.h">
      <Filter>Source\Entity</Filter>
    </ClInclude>
    <ClInclude Include="Source\BoundingBox\OrientedBoundinngBox.h">
      <Filter>Source\BoundingBox</Filter>
    </ClInclude>
    <ClInclude Include="Source\Scene\Manager\SceneManager.h">
      <Filter>Source\Scene\Manager</Filter>
    </ClInclude>
    <ClInclude Include="Source\Scene\Scene\MainScene.h">
      <Filter>Source\Scene\Scene</Filter>
    </ClInclude>
    <ClInclude Include="Source\FBX\FbxMeshLoader.h">
      <Filter>Source\FBX</Filter>
    </ClInclude>
    <ClInclude Include="Source\FBX\fbxUtil.h">
      <Filter>Source\FBX</Filter>
    </ClInclude>
    <ClInclude Include="Source\Model3D\Mesh.h">
      <Filter>Source\Model3D</Filter>
    </ClInclude>
    <ClInclude Include="Source\Model3D\Model.h">
      <Filter>Source\Model3D</Filter>
    </ClInclude>
    <ClInclude Include="Source\Model3D\TriangleList.h">
      <Filter>Source\Model3D</Filter>
    </ClInclude>
    <ClInclude Include="Source\Direct3D\meshX.h">
      <Filter>Source\Direct3D</Filter>
    </ClInclude>
    <ClInclude Include="Source\Direct3D\Effect\Effect.h">
      <Filter>Source\Direct3D\Effect</Filter>
    </ClInclude>
    <ClInclude Include="Source\Direct3D\Effect\EffectParamSetter.h">
      <Filter>Source\Direct3D\Effect</Filter>
    </ClInclude>
    <ClInclude Include="Source\Direct3D\Effect\EffectLambert.h">
      <Filter>Source\Direct3D\Effect</Filter>
    </ClInclude>
  </ItemGroup>
</Project>